
Microsoft Visual Studio Solution File, Format Version 12.00
# Visual Studio Version 16
VisualStudioVersion = 16.0.29926.136
MinimumVisualStudioVersion = 10.0.40219.1
Project("{9A19103F-16F7-4668-BE54-9A1E7A4F7556}") = "USASales", "USASales\USASales.csproj", "{919E1C65-70D5-407E-B08E-257705BD9365}"
EndProject
Project("{FAE04EC0-301F-11D3-BF4B-00C04F79EFBC}") = "USASales.Tests", "USASales.Tests\USASales.Tests.csproj", "{81D68868-86CE-4EFC-BF3D-97F13C8D4331}"
EndProject
Global
	GlobalSection(SolutionConfigurationPlatforms) = preSolution
		Debug|Any CPU = Debug|Any CPU
		Release|Any CPU = Release|Any CPU
	EndGlobalSection
	GlobalSection(ProjectConfigurationPlatforms) = postSolution
		{919E1C65-70D5-407E-B08E-257705BD9365}.Debug|Any CPU.ActiveCfg = Debug|Any CPU
		{919E1C65-70D5-407E-B08E-257705BD9365}.Debug|Any CPU.Build.0 = Debug|Any CPU
		{919E1C65-70D5-407E-B08E-257705BD9365}.Release|Any CPU.ActiveCfg = Release|Any CPU
		{919E1C65-70D5-407E-B08E-257705BD9365}.Release|Any CPU.Build.0 = Release|Any CPU
		{81D68868-86CE-4EFC-BF3D-97F13C8D4331}.Debug|Any CPU.ActiveCfg = Debug|Any CPU
		{81D68868-86CE-4EFC-BF3D-97F13C8D4331}.Debug|Any CPU.Build.0 = Debug|Any CPU
		{81D68868-86CE-4EFC-BF3D-97F13C8D4331}.Release|Any CPU.ActiveCfg = Release|Any CPU
		{81D68868-86CE-4EFC-BF3D-97F13C8D4331}.Release|Any CPU.Build.0 = Release|Any CPU
	EndGlobalSection
	GlobalSection(SolutionProperties) = preSolution
		HideSolutionNode = FALSE
	EndGlobalSection
	GlobalSection(ExtensibilityGlobals) = postSolution
		SolutionGuid = {1D041397-D988-43D9-A618-F3562B08DBC6}
	EndGlobalSection
EndGlobal
